// !$*UTF8*$!
{
	archiveVersion = 1;
	classes = {
	};
	objectVersion = 48;
	objects = {

/* Begin PBXBuildFile section */
		FA89F87D202D2FC7005B61CA /* AppDelegate.swift in Sources */ = {isa = PBXBuildFile; fileRef = FA89F87C202D2FC7005B61CA /* AppDelegate.swift */; };
		FA89F882202D2FC7005B61CA /* Main.storyboard in Resources */ = {isa = PBXBuildFile; fileRef = FA89F880202D2FC7005B61CA /* Main.storyboard */; };
		FA89F884202D2FC7005B61CA /* Assets.xcassets in Resources */ = {isa = PBXBuildFile; fileRef = FA89F883202D2FC7005B61CA /* Assets.xcassets */; };
		FA89F887202D2FC7005B61CA /* LaunchScreen.storyboard in Resources */ = {isa = PBXBuildFile; fileRef = FA89F885202D2FC7005B61CA /* LaunchScreen.storyboard */; };
		FA89F890202D3704005B61CA /* MainCollectionViewController.swift in Sources */ = {isa = PBXBuildFile; fileRef = FA89F88F202D3704005B61CA /* MainCollectionViewController.swift */; };
		FA89F893202D3753005B61CA /* MainHeaderCollectionViewCell.xib in Resources */ = {isa = PBXBuildFile; fileRef = FA89F892202D3753005B61CA /* MainHeaderCollectionViewCell.xib */; };
		FA89F895202D3898005B61CA /* MainHeaderCollectionViewCell.swift in Sources */ = {isa = PBXBuildFile; fileRef = FA89F894202D3898005B61CA /* MainHeaderCollectionViewCell.swift */; };
		FA89F897202D3B44005B61CA /* MainMenuCollectionViewCell.xib in Resources */ = {isa = PBXBuildFile; fileRef = FA89F896202D3B44005B61CA /* MainMenuCollectionViewCell.xib */; };
		FA89F899202D3BA5005B61CA /* MainMenuCollectionViewCell.swift in Sources */ = {isa = PBXBuildFile; fileRef = FA89F898202D3BA5005B61CA /* MainMenuCollectionViewCell.swift */; };
/* End PBXBuildFile section */

/* Begin PBXFileReference section */
		FA89F879202D2FC7005B61CA /* poc-collectionview-swift.app */ = {isa = PBXFileReference; explicitFileType = wrapper.application; includeInIndex = 0; path = "poc-collectionview-swift.app"; sourceTree = BUILT_PRODUCTS_DIR; };
		FA89F87C202D2FC7005B61CA /* AppDelegate.swift */ = {isa = PBXFileReference; lastKnownFileType = sourcecode.swift; path = AppDelegate.swift; sourceTree = "<group>"; };
		FA89F881202D2FC7005B61CA /* Base */ = {isa = PBXFileReference; lastKnownFileType = file.storyboard; name = Base; path = Base.lproj/Main.storyboard; sourceTree = "<group>"; };
		FA89F883202D2FC7005B61CA /* Assets.xcassets */ = {isa = PBXFileReference; lastKnownFileType = folder.assetcatalog; path = Assets.xcassets; sourceTree = "<group>"; };
		FA89F886202D2FC7005B61CA /* Base */ = {isa = PBXFileReference; lastKnownFileType = file.storyboard; name = Base; path = Base.lproj/LaunchScreen.storyboard; sourceTree = "<group>"; };
		FA89F888202D2FC7005B61CA /* Info.plist */ = {isa = PBXFileReference; lastKnownFileType = text.plist.xml; path = Info.plist; sourceTree = "<group>"; };
		FA89F88F202D3704005B61CA /* MainCollectionViewController.swift */ = {isa = PBXFileReference; lastKnownFileType = sourcecode.swift; path = MainCollectionViewController.swift; sourceTree = "<group>"; };
		FA89F892202D3753005B61CA /* MainHeaderCollectionViewCell.xib */ = {isa = PBXFileReference; lastKnownFileType = file.xib; path = MainHeaderCollectionViewCell.xib; sourceTree = "<group>"; };
		FA89F894202D3898005B61CA /* MainHeaderCollectionViewCell.swift */ = {isa = PBXFileReference; lastKnownFileType = sourcecode.swift; path = MainHeaderCollectionViewCell.swift; sourceTree = "<group>"; };
		FA89F896202D3B44005B61CA /* MainMenuCollectionViewCell.xib */ = {isa = PBXFileReference; lastKnownFileType = file.xib; path = MainMenuCollectionViewCell.xib; sourceTree = "<group>"; };
		FA89F898202D3BA5005B61CA /* MainMenuCollectionViewCell.swift */ = {isa = PBXFileReference; lastKnownFileType = sourcecode.swift; path = MainMenuCollectionViewCell.swift; sourceTree = "<group>"; };
/* End PBXFileReference section */

/* Begin PBXFrameworksBuildPhase section */
		FA89F876202D2FC7005B61CA /* Frameworks */ = {
			isa = PBXFrameworksBuildPhase;
			buildActionMask = 2147483647;
			files = (
			);
			runOnlyForDeploymentPostprocessing = 0;
		};
/* End PBXFrameworksBuildPhase section */

/* Begin PBXGroup section */
		FA89F870202D2FC7005B61CA = {
			isa = PBXGroup;
			children = (
				FA89F87B202D2FC7005B61CA /* poc-collectionview-swift */,
				FA89F87A202D2FC7005B61CA /* Products */,
			);
			sourceTree = "<group>";
		};
		FA89F87A202D2FC7005B61CA /* Products */ = {
			isa = PBXGroup;
			children = (
				FA89F879202D2FC7005B61CA /* poc-collectionview-swift.app */,
			);
			name = Products;
			sourceTree = "<group>";
		};
		FA89F87B202D2FC7005B61CA /* poc-collectionview-swift */ = {
			isa = PBXGroup;
			children = (
				FA89F891202D3720005B61CA /* views */,
				FA89F88E202D36DE005B61CA /* controllers */,
				FA89F87C202D2FC7005B61CA /* AppDelegate.swift */,
				FA89F880202D2FC7005B61CA /* Main.storyboard */,
				FA89F883202D2FC7005B61CA /* Assets.xcassets */,
				FA89F885202D2FC7005B61CA /* LaunchScreen.storyboard */,
				FA89F888202D2FC7005B61CA /* Info.plist */,
			);
			path = "poc-collectionview-swift";
			sourceTree = "<group>";
		};
		FA89F88E202D36DE005B61CA /* controllers */ = {
			isa = PBXGroup;
			children = (
				FA89F88F202D3704005B61CA /* MainCollectionViewController.swift */,
			);
			path = controllers;
			sourceTree = "<group>";
		};
		FA89F891202D3720005B61CA /* views */ = {
			isa = PBXGroup;
			children = (
				FA89F892202D3753005B61CA /* MainHeaderCollectionViewCell.xib */,
				FA89F894202D3898005B61CA /* MainHeaderCollectionViewCell.swift */,
				FA89F896202D3B44005B61CA /* MainMenuCollectionViewCell.xib */,
				FA89F898202D3BA5005B61CA /* MainMenuCollectionViewCell.swift */,
			);
			path = views;
			sourceTree = "<group>";
		};
/* End PBXGroup section */

/* Begin PBXNativeTarget section */
		FA89F878202D2FC7005B61CA /* poc-collectionview-swift */ = {
			isa = PBXNativeTarget;
			buildConfigurationList = FA89F88B202D2FC7005B61CA /* Build configuration list for PBXNativeTarget "poc-collectionview-swift" */;
			buildPhases = (
				FA89F875202D2FC7005B61CA /* Sources */,
				FA89F876202D2FC7005B61CA /* Frameworks */,
				FA89F877202D2FC7005B61CA /* Resources */,
			);
			buildRules = (
			);
			dependencies = (
			);
			name = "poc-collectionview-swift";
			productName = "poc-collectionview-swift";
			productReference = FA89F879202D2FC7005B61CA /* poc-collectionview-swift.app */;
			productType = "com.apple.product-type.application";
		};
/* End PBXNativeTarget section */

/* Begin PBXProject section */
		FA89F871202D2FC7005B61CA /* Project object */ = {
			isa = PBXProject;
			attributes = {
				LastSwiftUpdateCheck = 0920;
				LastUpgradeCheck = 0920;
				ORGANIZATIONNAME = "RYam corp.";
				TargetAttributes = {
					FA89F878202D2FC7005B61CA = {
						CreatedOnToolsVersion = 9.2;
						ProvisioningStyle = Automatic;
					};
				};
			};
			buildConfigurationList = FA89F874202D2FC7005B61CA /* Build configuration list for PBXProject "poc-collectionview-swift" */;
			compatibilityVersion = "Xcode 8.0";
			developmentRegion = en;
			hasScannedForEncodings = 0;
			knownRegions = (
				en,
				Base,
			);
			mainGroup = FA89F870202D2FC7005B61CA;
			productRefGroup = FA89F87A202D2FC7005B61CA /* Products */;
			projectDirPath = "";
			projectRoot = "";
			targets = (
				FA89F878202D2FC7005B61CA /* poc-collectionview-swift */,
			);
		};
/* End PBXProject section */

/* Begin PBXResourcesBuildPhase section */
		FA89F877202D2FC7005B61CA /* Resources */ = {
			isa = PBXResourcesBuildPhase;
			buildActionMask = 2147483647;
			files = (
				FA89F897202D3B44005B61CA /* MainMenuCollectionViewCell.xib in Resources */,
				FA89F887202D2FC7005B61CA /* LaunchScreen.storyboard in Resources */,
				FA89F893202D3753005B61CA /* MainHeaderCollectionViewCell.xib in Resources */,
				FA89F884202D2FC7005B61CA /* Assets.xcassets in Resources */,
				FA89F882202D2FC7005B61CA /* Main.storyboard in Resources */,
			);
			runOnlyForDeploymentPostprocessing = 0;
		};
/* End PBXResourcesBuildPhase section */

/* Begin PBXSourcesBuildPhase section */
		FA89F875202D2FC7005B61CA /* Sources */ = {
			isa = PBXSourcesBuildPhase;
			buildActionMask = 2147483647;
			files = (
				FA89F899202D3BA5005B61CA /* MainMenuCollectionViewCell.swift in Sources */,
				FA89F895202D3898005B61CA /* MainHeaderCollectionViewCell.swift in Sources */,
				FA89F87D202D2FC7005B61CA /* AppDelegate.swift in Sources */,
				FA89F890202D3704005B61CA /* MainCollectionViewController.swift in Sources */,
			);
			runOnlyForDeploymentPostprocessing = 0;
		};
/* End PBXSourcesBuildPhase section */

/* Begin PBXVariantGroup section */
		FA89F880202D2FC7005B61CA /* Main.storyboard */ = {
			isa = PBXVariantGroup;
			children = (
				FA89F881202D2FC7005B61CA /* Base */,
			);
			name = Main.storyboard;
			sourceTree = "<group>";
		};
		FA89F885202D2FC7005B61CA /* LaunchScreen.storyboard */ = {
			isa = PBXVariantGroup;
			children = (
				FA89F886202D2FC7005B61CA /* Base */,
			);
			name = LaunchScreen.storyboard;
			sourceTree = "<group>";
		};
/* End PBXVariantGroup section */

/* Begin XCBuildConfiguration section */
		FA89F889202D2FC7005B61CA /* Debug */ = {
			isa = XCBuildConfiguration;
			buildSettings = {
				ALWAYS_SEARCH_USER_PATHS = NO;
				CLANG_ANALYZER_NONNULL = YES;
				CLANG_ANALYZER_NUMBER_OBJECT_CONVERSION = YES_AGGRESSIVE;
				CLANG_CXX_LANGUAGE_STANDARD = "gnu++14";
				CLANG_CXX_LIBRARY = "libc++";
				CLANG_ENABLE_MODULES = YES;
				CLANG_ENABLE_OBJC_ARC = YES;
				CLANG_WARN_BLOCK_CAPTURE_AUTORELEASING = YES;
				CLANG_WARN_BOOL_CONVERSION = YES;
				CLANG_WARN_COMMA = YES;
				CLANG_WARN_CONSTANT_CONVERSION = YES;
				CLANG_WARN_DIRECT_OBJC_ISA_USAGE = YES_ERROR;
				CLANG_WARN_DOCUMENTATION_COMMENTS = YES;
				CLANG_WARN_EMPTY_BODY = YES;
				CLANG_WARN_ENUM_CONVERSION = YES;
				CLANG_WARN_INFINITE_RECURSION = YES;
				CLANG_WARN_INT_CONVERSION = YES;
				CLANG_WARN_NON_LITERAL_NULL_CONVERSION = YES;
				CLANG_WARN_OBJC_LITERAL_CONVERSION = YES;
				CLANG_WARN_OBJC_ROOT_CLASS = YES_ERROR;
				CLANG_WARN_RANGE_LOOP_ANALYSIS = YES;
				CLANG_WARN_STRICT_PROTOTYPES = YES;
				CLANG_WARN_SUSPICIOUS_MOVE = YES;
				CLANG_WARN_UNGUARDED_AVAILABILITY = YES_AGGRESSIVE;
				CLANG_WARN_UNREACHABLE_CODE = YES;
				CLANG_WARN__DUPLICATE_METHOD_MATCH = YES;
				CODE_SIGN_IDENTITY = "iPhone Developer";
				COPY_PHASE_STRIP = NO;
				DEBUG_INFORMATION_FORMAT = dwarf;
				ENABLE_STRICT_OBJC_MSGSEND = YES;
				ENABLE_TESTABILITY = YES;
				GCC_C_LANGUAGE_STANDARD = gnu11;
				GCC_DYNAMIC_NO_PIC = NO;
				GCC_NO_COMMON_BLOCKS = YES;
				GCC_OPTIMIZATION_LEVEL = 0;
				GCC_PREPROCESSOR_DEFINITIONS = (
					"DEBUG=1",
					"$(inherited)",
				);
				GCC_WARN_64_TO_32_BIT_CONVERSION = YES;
				GCC_WARN_ABOUT_RETURN_TYPE = YES_ERROR;
				GCC_WARN_UNDECLARED_SELECTOR = YES;
				GCC_WARN_UNINITIALIZED_AUTOS = YES_AGGRESSIVE;
				GCC_WARN_UNUSED_FUNCTION = YES;
				GCC_WARN_UNUSED_VARIABLE = YES;
				IPHONEOS_DEPLOYMENT_TARGET = 11.2;
				MTL_ENABLE_DEBUG_INFO = YES;
				ONLY_ACTIVE_ARCH = YES;
				SDKROOT = iphoneos;
				SWIFT_ACTIVE_COMPILATION_CONDITIONS = DEBUG;
				SWIFT_OPTIMIZATION_LEVEL = "-Onone";
			};
			name = Debug;
		};
		FA89F88A202D2FC7005B61CA /* Release */ = {
			isa = XCBuildConfiguration;
			buildSettings = {
				ALWAYS_SEARCH_USER_PATHS = NO;
				CLANG_ANALYZER_NONNULL = YES;
				CLANG_ANALYZER_NUMBER_OBJECT_CONVERSION = YES_AGGRESSIVE;
				CLANG_CXX_LANGUAGE_STANDARD = "gnu++14";
				CLANG_CXX_LIBRARY = "libc++";
				CLANG_ENABLE_MODULES = YES;
				CLANG_ENABLE_OBJC_ARC = YES;
				CLANG_WARN_BLOCK_CAPTURE_AUTORELEASING = YES;
				CLANG_WARN_BOOL_CONVERSION = YES;
				CLANG_WARN_COMMA = YES;
				CLANG_WARN_CONSTANT_CONVERSION = YES;
				CLANG_WARN_DIRECT_OBJC_ISA_USAGE = YES_ERROR;
				CLANG_WARN_DOCUMENTATION_COMMENTS = YES;
				CLANG_WARN_EMPTY_BODY = YES;
				CLANG_WARN_ENUM_CONVERSION = YES;
				CLANG_WARN_INFINITE_RECURSION = YES;
				CLANG_WARN_INT_CONVERSION = YES;
				CLANG_WARN_NON_LITERAL_NULL_CONVERSION = YES;
				CLANG_WARN_OBJC_LITERAL_CONVERSION = YES;
				CLANG_WARN_OBJC_ROOT_CLASS = YES_ERROR;
				CLANG_WARN_RANGE_LOOP_ANALYSIS = YES;
				CLANG_WARN_STRICT_PROTOTYPES = YES;
				CLANG_WARN_SUSPICIOUS_MOVE = YES;
				CLANG_WARN_UNGUARDED_AVAILABILITY = YES_AGGRESSIVE;
				CLANG_WARN_UNREACHABLE_CODE = YES;
				CLANG_WARN__DUPLICATE_METHOD_MATCH = YES;
				CODE_SIGN_IDENTITY = "iPhone Developer";
				COPY_PHASE_STRIP = NO;
				DEBUG_INFORMATION_FORMAT = "dwarf-with-dsym";
				ENABLE_NS_ASSERTIONS = NO;
				ENABLE_STRICT_OBJC_MSGSEND = YES;
				GCC_C_LANGUAGE_STANDARD = gnu11;
				GCC_NO_COMMON_BLOCKS = YES;
				GCC_WARN_64_TO_32_BIT_CONVERSION = YES;
				GCC_WARN_ABOUT_RETURN_TYPE = YES_ERROR;
				GCC_WARN_UNDECLARED_SELECTOR = YES;
				GCC_WARN_UNINITIALIZED_AUTOS = YES_AGGRESSIVE;
				GCC_WARN_UNUSED_FUNCTION = YES;
				GCC_WARN_UNUSED_VARIABLE = YES;
				IPHONEOS_DEPLOYMENT_TARGET = 11.2;
				MTL_ENABLE_DEBUG_INFO = NO;
				SDKROOT = iphoneos;
				SWIFT_OPTIMIZATION_LEVEL = "-Owholemodule";
				VALIDATE_PRODUCT = YES;
			};
			name = Release;
		};
		FA89F88C202D2FC7005B61CA /* Debug */ = {
			isa = XCBuildConfiguration;
			buildSettings = {
				ASSETCATALOG_COMPILER_APPICON_NAME = AppIcon;
				"CODE_SIGN_IDENTITY[sdk=iphoneos*]" = "iPhone Developer";
				CODE_SIGN_STYLE = Automatic;
				DEVELOPMENT_TEAM = 4A723W25N6;
				INFOPLIST_FILE = "poc-collectionview-swift/Info.plist";
				LD_RUNPATH_SEARCH_PATHS = "$(inherited) @executable_path/Frameworks";
				PRODUCT_BUNDLE_IDENTIFIER = "com.ryam.poc-collectionview-swift";
				PRODUCT_NAME = "$(TARGET_NAME)";
				PROVISIONING_PROFILE_SPECIFIER = "";
				SWIFT_VERSION = 4.0;
				TARGETED_DEVICE_FAMILY = "1,2";
			};
			name = Debug;
		};
		FA89F88D202D2FC7005B61CA /* Release */ = {
			isa = XCBuildConfiguration;
			buildSettings = {
				ASSETCATALOG_COMPILER_APPICON_NAME = AppIcon;
				"CODE_SIGN_IDENTITY[sdk=iphoneos*]" = "iPhone Developer";
				CODE_SIGN_STYLE = Automatic;
				DEVELOPMENT_TEAM = 4A723W25N6;
				INFOPLIST_FILE = "poc-collectionview-swift/Info.plist";
				LD_RUNPATH_SEARCH_PATHS = "$(inherited) @executable_path/Frameworks";
				PRODUCT_BUNDLE_IDENTIFIER = "com.ryam.poc-collectionview-swift";
				PRODUCT_NAME = "$(TARGET_NAME)";
				PROVISIONING_PROFILE_SPECIFIER = "";
				SWIFT_VERSION = 4.0;
				TARGETED_DEVICE_FAMILY = "1,2";
			};
			name = Release;
		};
/* End XCBuildConfiguration section */

/* Begin XCConfigurationList section */
		FA89F874202D2FC7005B61CA /* Build configuration list for PBXProject "poc-collectionview-swift" */ = {
			isa = XCConfigurationList;
			buildConfigurations = (
				FA89F889202D2FC7005B61CA /* Debug */,
				FA89F88A202D2FC7005B61CA /* Release */,
			);
			defaultConfigurationIsVisible = 0;
			defaultConfigurationName = Release;
		};
		FA89F88B202D2FC7005B61CA /* Build configuration list for PBXNativeTarget "poc-collectionview-swift" */ = {
			isa = XCConfigurationList;
			buildConfigurations = (
				FA89F88C202D2FC7005B61CA /* Debug */,
				FA89F88D202D2FC7005B61CA /* Release */,
			);
			defaultConfigurationIsVisible = 0;
			defaultConfigurationName = Release;
		};
/* End XCConfigurationList section */
	};
	rootObject = FA89F871202D2FC7005B61CA /* Project object */;
}
